
Microsoft Visual Studio Solution File, Format Version 12.00
# Visual Studio Version 16
VisualStudioVersion = 16.0.30204.135
MinimumVisualStudioVersion = 10.0.40219.1
Project("{FAE04EC0-301F-11D3-BF4B-00C04F79EFBC}") = "Codility-Day3", "Codility-Day3\Codility-Day3.csproj", "{86C94CEE-DCA6-4BDA-80FB-798113860E1D}"
EndProject
Global
	GlobalSection(SolutionConfigurationPlatforms) = preSolution
		Debug|Any CPU = Debug|Any CPU
		Release|Any CPU = Release|Any CPU
	EndGlobalSection
	GlobalSection(ProjectConfigurationPlatforms) = postSolution
		{86C94CEE-DCA6-4BDA-80FB-798113860E1D}.Debug|Any CPU.ActiveCfg = Debug|Any CPU
		{86C94CEE-DCA6-4BDA-80FB-798113860E1D}.Debug|Any CPU.Build.0 = Debug|Any CPU
		{86C94CEE-DCA6-4BDA-80FB-798113860E1D}.Release|Any CPU.ActiveCfg = Release|Any CPU
		{86C94CEE-DCA6-4BDA-80FB-798113860E1D}.Release|Any CPU.Build.0 = Release|Any CPU
	EndGlobalSection
	GlobalSection(SolutionProperties) = preSolution
		HideSolutionNode = FALSE
	EndGlobalSection
	GlobalSection(ExtensibilityGlobals) = postSolution
		SolutionGuid = {4AA07192-F77B-4864-B4C1-E26BB42A2DB9}
	EndGlobalSection
EndGlobal
